PODS:
  - Realm (2.8.3):
    - Realm/Headers (= 2.8.3)
  - Realm/Headers (2.8.3)
  - RealmSwift (2.8.3):
    - Realm (= 2.8.3)

DEPENDENCIES:
  - RealmSwift

SPEC CHECKSUMS:
  Realm: 3601ef091c8c499a31101d8563b991e75546cdce
  RealmSwift: 8183818515471b01a99abdd2970f8e4fd52b6f4a

PODFILE CHECKSUM: 65eac2cacb2d6e146ef2d7b619d9b830ac07bbcd

COCOAPODS: 1.2.1
