// !$*UTF8*$!
{
	archiveVersion = 1;
	classes = {
	};
	objectVersion = 46;
	objects = {

/* Begin PBXBuildFile section */
		BF2192071D1BFF5600AA7DF9 /* SecondViewController.swift in Sources */ = {isa = PBXBuildFile; fileRef = BF2192061D1BFF5600AA7DF9 /* SecondViewController.swift */; };
		BF21920B1D1C03DE00AA7DF9 /* ForecastViewController.swift in Sources */ = {isa = PBXBuildFile; fileRef = BF21920A1D1C03DE00AA7DF9 /* ForecastViewController.swift */; };
		BF33F1671C5A376D00D22BC4 /* MemoViewController.swift in Sources */ = {isa = PBXBuildFile; fileRef = BF33F1661C5A376D00D22BC4 /* MemoViewController.swift */; };
		BFDA724B1C10573F0096BE82 /* AppDelegate.swift in Sources */ = {isa = PBXBuildFile; fileRef = BFDA724A1C10573F0096BE82 /* AppDelegate.swift */; };
		BFDA724D1C10573F0096BE82 /* FirstViewController.swift in Sources */ = {isa = PBXBuildFile; fileRef = BFDA724C1C10573F0096BE82 /* FirstViewController.swift */; };
		BFDA72521C10573F0096BE82 /* Main.storyboard in Resources */ = {isa = PBXBuildFile; fileRef = BFDA72501C10573F0096BE82 /* Main.storyboard */; };
		BFDA72541C10573F0096BE82 /* Assets.xcassets in Resources */ = {isa = PBXBuildFile; fileRef = BFDA72531C10573F0096BE82 /* Assets.xcassets */; };
		BFDA72571C10573F0096BE82 /* LaunchScreen.storyboard in Resources */ = {isa = PBXBuildFile; fileRef = BFDA72551C10573F0096BE82 /* LaunchScreen.storyboard */; };
		BFDA72621C10573F0096BE82 /* _____2Tests.swift in Sources */ = {isa = PBXBuildFile; fileRef = BFDA72611C10573F0096BE82 /* _____2Tests.swift */; };
		BFDA726D1C10573F0096BE82 /* _____2UITests.swift in Sources */ = {isa = PBXBuildFile; fileRef = BFDA726C1C10573F0096BE82 /* _____2UITests.swift */; };
		BFDA727B1C10618A0096BE82 /* ThirdViewController.swift in Sources */ = {isa = PBXBuildFile; fileRef = BFDA727A1C10618A0096BE82 /* ThirdViewController.swift */; };
		BFDA727D1C1061C00096BE82 /* FourthViewController.swift in Sources */ = {isa = PBXBuildFile; fileRef = BFDA727C1C1061C00096BE82 /* FourthViewController.swift */; };
		BFF44C5B1C50F9F5007E29D2 /* InputTextTableCell.swift in Sources */ = {isa = PBXBuildFile; fileRef = BFF44C5A1C50F9F5007E29D2 /* InputTextTableCell.swift */; };
/* End PBXBuildFile section */

/* Begin PBXContainerItemProxy section */
		BFDA725E1C10573F0096BE82 /* PBXContainerItemProxy */ = {
			isa = PBXContainerItemProxy;
			containerPortal = BFDA723F1C10573F0096BE82 /* Project object */;
			proxyType = 1;
			remoteGlobalIDString = BFDA72461C10573F0096BE82;
			remoteInfo = "ぽけメモ2";
		};
		BFDA72691C10573F0096BE82 /* PBXContainerItemProxy */ = {
			isa = PBXContainerItemProxy;
			containerPortal = BFDA723F1C10573F0096BE82 /* Project object */;
			proxyType = 1;
			remoteGlobalIDString = BFDA72461C10573F0096BE82;
			remoteInfo = "ぽけメモ2";
		};
/* End PBXContainerItemProxy section */

/* Begin PBXFileReference section */
		BF2192061D1BFF5600AA7DF9 /* SecondViewController.swift */ = {isa = PBXFileReference; fileEncoding = 4; lastKnownFileType = sourcecode.swift; name = SecondViewController.swift; path = ../../../../.Trash/SecondViewController.swift; sourceTree = "<group>"; };
		BF21920A1D1C03DE00AA7DF9 /* ForecastViewController.swift */ = {isa = PBXFileReference; fileEncoding = 4; lastKnownFileType = sourcecode.swift; path = ForecastViewController.swift; sourceTree = "<group>"; };
		BF33F1661C5A376D00D22BC4 /* MemoViewController.swift */ = {isa = PBXFileReference; fileEncoding = 4; lastKnownFileType = sourcecode.swift; path = MemoViewController.swift; sourceTree = "<group>"; };
		BFDA72471C10573F0096BE82 /* ぽけメモ2.app */ = {isa = PBXFileReference; explicitFileType = wrapper.application; includeInIndex = 0; path = "ぽけメモ2.app"; sourceTree = BUILT_PRODUCTS_DIR; };
		BFDA724A1C10573F0096BE82 /* AppDelegate.swift */ = {isa = PBXFileReference; lastKnownFileType = sourcecode.swift; path = AppDelegate.swift; sourceTree = "<group>"; };
		BFDA724C1C10573F0096BE82 /* FirstViewController.swift */ = {isa = PBXFileReference; lastKnownFileType = sourcecode.swift; path = FirstViewController.swift; sourceTree = "<group>"; };
		BFDA72511C10573F0096BE82 /* Base */ = {isa = PBXFileReference; lastKnownFileType = file.storyboard; name = Base; path = Base.lproj/Main.storyboard; sourceTree = "<group>"; };
		BFDA72531C10573F0096BE82 /* Assets.xcassets */ = {isa = PBXFileReference; lastKnownFileType = folder.assetcatalog; path = Assets.xcassets; sourceTree = "<group>"; };
		BFDA72561C10573F0096BE82 /* Base */ = {isa = PBXFileReference; lastKnownFileType = file.storyboard; name = Base; path = Base.lproj/LaunchScreen.storyboard; sourceTree = "<group>"; };
		BFDA72581C10573F0096BE82 /* Info.plist */ = {isa = PBXFileReference; lastKnownFileType = text.plist.xml; path = Info.plist; sourceTree = "<group>"; };
		BFDA725D1C10573F0096BE82 /* ぽけメモ2Tests.xctest */ = {isa = PBXFileReference; explicitFileType = wrapper.cfbundle; includeInIndex = 0; path = "ぽけメモ2Tests.xctest"; sourceTree = BUILT_PRODUCTS_DIR; };
		BFDA72611C10573F0096BE82 /* _____2Tests.swift */ = {isa = PBXFileReference; lastKnownFileType = sourcecode.swift; path = "_____2Tests.swift"; sourceTree = "<group>"; };
		BFDA72631C10573F0096BE82 /* Info.plist */ = {isa = PBXFileReference; lastKnownFileType = text.plist.xml; path = Info.plist; sourceTree = "<group>"; };
		BFDA72681C10573F0096BE82 /* ぽけメモ2UITests.xctest */ = {isa = PBXFileReference; explicitFileType = wrapper.cfbundle; includeInIndex = 0; path = "ぽけメモ2UITests.xctest"; sourceTree = BUILT_PRODUCTS_DIR; };
		BFDA726C1C10573F0096BE82 /* _____2UITests.swift */ = {isa = PBXFileReference; lastKnownFileType = sourcecode.swift; path = "_____2UITests.swift"; sourceTree = "<group>"; };
		BFDA726E1C10573F0096BE82 /* Info.plist */ = {isa = PBXFileReference; lastKnownFileType = text.plist.xml; path = Info.plist; sourceTree = "<group>"; };
		BFDA727A1C10618A0096BE82 /* ThirdViewController.swift */ = {isa = PBXFileReference; fileEncoding = 4; lastKnownFileType = sourcecode.swift; path = ThirdViewController.swift; sourceTree = "<group>"; };
		BFDA727C1C1061C00096BE82 /* FourthViewController.swift */ = {isa = PBXFileReference; fileEncoding = 4; lastKnownFileType = sourcecode.swift; path = FourthViewController.swift; sourceTree = "<group>"; };
		BFF44C5A1C50F9F5007E29D2 /* InputTextTableCell.swift */ = {isa = PBXFileReference; fileEncoding = 4; lastKnownFileType = sourcecode.swift; path = InputTextTableCell.swift; sourceTree = "<group>"; };
/* End PBXFileReference section */

/* Begin PBXFrameworksBuildPhase section */
		BFDA72441C10573F0096BE82 /* Frameworks */ = {
			isa = PBXFrameworksBuildPhase;
			buildActionMask = 2147483647;
			files = (
			);
			runOnlyForDeploymentPostprocessing = 0;
		};
		BFDA725A1C10573F0096BE82 /* Frameworks */ = {
			isa = PBXFrameworksBuildPhase;
			buildActionMask = 2147483647;
			files = (
			);
			runOnlyForDeploymentPostprocessing = 0;
		};
		BFDA72651C10573F0096BE82 /* Frameworks */ = {
			isa = PBXFrameworksBuildPhase;
			buildActionMask = 2147483647;
			files = (
			);
			runOnlyForDeploymentPostprocessing = 0;
		};
/* End PBXFrameworksBuildPhase section */

/* Begin PBXGroup section */
		BFDA723E1C10573F0096BE82 = {
			isa = PBXGroup;
			children = (
				BFDA72491C10573F0096BE82 /* ぽけメモ2 */,
				BFDA72601C10573F0096BE82 /* ぽけメモ2Tests */,
				BFDA726B1C10573F0096BE82 /* ぽけメモ2UITests */,
				BFDA72481C10573F0096BE82 /* Products */,
			);
			sourceTree = "<group>";
		};
		BFDA72481C10573F0096BE82 /* Products */ = {
			isa = PBXGroup;
			children = (
				BFDA72471C10573F0096BE82 /* ぽけメモ2.app */,
				BFDA725D1C10573F0096BE82 /* ぽけメモ2Tests.xctest */,
				BFDA72681C10573F0096BE82 /* ぽけメモ2UITests.xctest */,
			);
			name = Products;
			sourceTree = "<group>";
		};
		BFDA72491C10573F0096BE82 /* ぽけメモ2 */ = {
			isa = PBXGroup;
			children = (
				BFDA724A1C10573F0096BE82 /* AppDelegate.swift */,
				BFDA724C1C10573F0096BE82 /* FirstViewController.swift */,
				BF33F1661C5A376D00D22BC4 /* MemoViewController.swift */,
				BF2192061D1BFF5600AA7DF9 /* SecondViewController.swift */,
				BF21920A1D1C03DE00AA7DF9 /* ForecastViewController.swift */,
				BFDA727A1C10618A0096BE82 /* ThirdViewController.swift */,
				BFF44C5A1C50F9F5007E29D2 /* InputTextTableCell.swift */,
				BFDA727C1C1061C00096BE82 /* FourthViewController.swift */,
				BFDA72501C10573F0096BE82 /* Main.storyboard */,
				BFDA72531C10573F0096BE82 /* Assets.xcassets */,
				BFDA72551C10573F0096BE82 /* LaunchScreen.storyboard */,
				BFDA72581C10573F0096BE82 /* Info.plist */,
			);
			path = "ぽけメモ2";
			sourceTree = "<group>";
		};
		BFDA72601C10573F0096BE82 /* ぽけメモ2Tests */ = {
			isa = PBXGroup;
			children = (
				BFDA72611C10573F0096BE82 /* _____2Tests.swift */,
				BFDA72631C10573F0096BE82 /* Info.plist */,
			);
			path = "ぽけメモ2Tests";
			sourceTree = "<group>";
		};
		BFDA726B1C10573F0096BE82 /* ぽけメモ2UITests */ = {
			isa = PBXGroup;
			children = (
				BFDA726C1C10573F0096BE82 /* _____2UITests.swift */,
				BFDA726E1C10573F0096BE82 /* Info.plist */,
			);
			path = "ぽけメモ2UITests";
			sourceTree = "<group>";
		};
/* End PBXGroup section */

/* Begin PBXNativeTarget section */
		BFDA72461C10573F0096BE82 /* ぽけメモ2 */ = {
			isa = PBXNativeTarget;
			buildConfigurationList = BFDA72711C10573F0096BE82 /* Build configuration list for PBXNativeTarget "ぽけメモ2" */;
			buildPhases = (
				BFDA72431C10573F0096BE82 /* Sources */,
				BFDA72441C10573F0096BE82 /* Frameworks */,
				BFDA72451C10573F0096BE82 /* Resources */,
			);
			buildRules = (
			);
			dependencies = (
			);
			name = "ぽけメモ2";
			productName = "ぽけメモ2";
			productReference = BFDA72471C10573F0096BE82 /* ぽけメモ2.app */;
			productType = "com.apple.product-type.application";
		};
		BFDA725C1C10573F0096BE82 /* ぽけメモ2Tests */ = {
			isa = PBXNativeTarget;
			buildConfigurationList = BFDA72741C10573F0096BE82 /* Build configuration list for PBXNativeTarget "ぽけメモ2Tests" */;
			buildPhases = (
				BFDA72591C10573F0096BE82 /* Sources */,
				BFDA725A1C10573F0096BE82 /* Frameworks */,
				BFDA725B1C10573F0096BE82 /* Resources */,
			);
			buildRules = (
			);
			dependencies = (
				BFDA725F1C10573F0096BE82 /* PBXTargetDependency */,
			);
			name = "ぽけメモ2Tests";
			productName = "ぽけメモ2Tests";
			productReference = BFDA725D1C10573F0096BE82 /* ぽけメモ2Tests.xctest */;
			productType = "com.apple.product-type.bundle.unit-test";
		};
		BFDA72671C10573F0096BE82 /* ぽけメモ2UITests */ = {
			isa = PBXNativeTarget;
			buildConfigurationList = BFDA72771C10573F0096BE82 /* Build configuration list for PBXNativeTarget "ぽけメモ2UITests" */;
			buildPhases = (
				BFDA72641C10573F0096BE82 /* Sources */,
				BFDA72651C10573F0096BE82 /* Frameworks */,
				BFDA72661C10573F0096BE82 /* Resources */,
			);
			buildRules = (
			);
			dependencies = (
				BFDA726A1C10573F0096BE82 /* PBXTargetDependency */,
			);
			name = "ぽけメモ2UITests";
			productName = "ぽけメモ2UITests";
			productReference = BFDA72681C10573F0096BE82 /* ぽけメモ2UITests.xctest */;
			productType = "com.apple.product-type.bundle.ui-testing";
		};
/* End PBXNativeTarget section */

/* Begin PBXProject section */
		BFDA723F1C10573F0096BE82 /* Project object */ = {
			isa = PBXProject;
			attributes = {
				LastUpgradeCheck = 0700;
				ORGANIZATIONNAME = "マツシタ コウタロウ";
				TargetAttributes = {
					BFDA72461C10573F0096BE82 = {
						CreatedOnToolsVersion = 7.0.1;
					};
					BFDA725C1C10573F0096BE82 = {
						CreatedOnToolsVersion = 7.0.1;
						TestTargetID = BFDA72461C10573F0096BE82;
					};
					BFDA72671C10573F0096BE82 = {
						CreatedOnToolsVersion = 7.0.1;
						TestTargetID = BFDA72461C10573F0096BE82;
					};
				};
			};
			buildConfigurationList = BFDA72421C10573F0096BE82 /* Build configuration list for PBXProject "ぽけメモ2" */;
			compatibilityVersion = "Xcode 3.2";
			developmentRegion = English;
			hasScannedForEncodings = 0;
			knownRegions = (
				en,
				Base,
			);
			mainGroup = BFDA723E1C10573F0096BE82;
			productRefGroup = BFDA72481C10573F0096BE82 /* Products */;
			projectDirPath = "";
			projectRoot = "";
			targets = (
				BFDA72461C10573F0096BE82 /* ぽけメモ2 */,
				BFDA725C1C10573F0096BE82 /* ぽけメモ2Tests */,
				BFDA72671C10573F0096BE82 /* ぽけメモ2UITests */,
			);
		};
/* End PBXProject section */

/* Begin PBXResourcesBuildPhase section */
		BFDA72451C10573F0096BE82 /* Resources */ = {
			isa = PBXResourcesBuildPhase;
			buildActionMask = 2147483647;
			files = (
				BFDA72571C10573F0096BE82 /* LaunchScreen.storyboard in Resources */,
				BFDA72541C10573F0096BE82 /* Assets.xcassets in Resources */,
				BFDA72521C10573F0096BE82 /* Main.storyboard in Resources */,
			);
			runOnlyForDeploymentPostprocessing = 0;
		};
		BFDA725B1C10573F0096BE82 /* Resources */ = {
			isa = PBXResourcesBuildPhase;
			buildActionMask = 2147483647;
			files = (
			);
			runOnlyForDeploymentPostprocessing = 0;
		};
		BFDA72661C10573F0096BE82 /* Resources */ = {
			isa = PBXResourcesBuildPhase;
			buildActionMask = 2147483647;
			files = (
			);
			runOnlyForDeploymentPostprocessing = 0;
		};
/* End PBXResourcesBuildPhase section */

/* Begin PBXSourcesBuildPhase section */
		BFDA72431C10573F0096BE82 /* Sources */ = {
			isa = PBXSourcesBuildPhase;
			buildActionMask = 2147483647;
			files = (
				BFF44C5B1C50F9F5007E29D2 /* InputTextTableCell.swift in Sources */,
				BFDA724B1C10573F0096BE82 /* AppDelegate.swift in Sources */,
				BFDA727B1C10618A0096BE82 /* ThirdViewController.swift in Sources */,
				BF33F1671C5A376D00D22BC4 /* MemoViewController.swift in Sources */,
				BF2192071D1BFF5600AA7DF9 /* SecondViewController.swift in Sources */,
				BF21920B1D1C03DE00AA7DF9 /* ForecastViewController.swift in Sources */,
				BFDA727D1C1061C00096BE82 /* FourthViewController.swift in Sources */,
				BFDA724D1C10573F0096BE82 /* FirstViewController.swift in Sources */,
			);
			runOnlyForDeploymentPostprocessing = 0;
		};
		BFDA72591C10573F0096BE82 /* Sources */ = {
			isa = PBXSourcesBuildPhase;
			buildActionMask = 2147483647;
			files = (
				BFDA72621C10573F0096BE82 /* _____2Tests.swift in Sources */,
			);
			runOnlyForDeploymentPostprocessing = 0;
		};
		BFDA72641C10573F0096BE82 /* Sources */ = {
			isa = PBXSourcesBuildPhase;
			buildActionMask = 2147483647;
			files = (
				BFDA726D1C10573F0096BE82 /* _____2UITests.swift in Sources */,
			);
			runOnlyForDeploymentPostprocessing = 0;
		};
/* End PBXSourcesBuildPhase section */

/* Begin PBXTargetDependency section */
		BFDA725F1C10573F0096BE82 /* PBXTargetDependency */ = {
			isa = PBXTargetDependency;
			target = BFDA72461C10573F0096BE82 /* ぽけメモ2 */;
			targetProxy = BFDA725E1C10573F0096BE82 /* PBXContainerItemProxy */;
		};
		BFDA726A1C10573F0096BE82 /* PBXTargetDependency */ = {
			isa = PBXTargetDependency;
			target = BFDA72461C10573F0096BE82 /* ぽけメモ2 */;
			targetProxy = BFDA72691C10573F0096BE82 /* PBXContainerItemProxy */;
		};
/* End PBXTargetDependency section */

/* Begin PBXVariantGroup section */
		BFDA72501C10573F0096BE82 /* Main.storyboard */ = {
			isa = PBXVariantGroup;
			children = (
				BFDA72511C10573F0096BE82 /* Base */,
			);
			name = Main.storyboard;
			sourceTree = "<group>";
		};
		BFDA72551C10573F0096BE82 /* LaunchScreen.storyboard */ = {
			isa = PBXVariantGroup;
			children = (
				BFDA72561C10573F0096BE82 /* Base */,
			);
			name = LaunchScreen.storyboard;
			sourceTree = "<group>";
		};
/* End PBXVariantGroup section */

/* Begin XCBuildConfiguration section */
		BFDA726F1C10573F0096BE82 /* Debug */ = {
			isa = XCBuildConfiguration;
			buildSettings = {
				ALWAYS_SEARCH_USER_PATHS = NO;
				CLANG_CXX_LANGUAGE_STANDARD = "gnu++0x";
				CLANG_CXX_LIBRARY = "libc++";
				CLANG_ENABLE_MODULES = YES;
				CLANG_ENABLE_OBJC_ARC = YES;
				CLANG_WARN_BOOL_CONVERSION = YES;
				CLANG_WARN_CONSTANT_CONVERSION = YES;
				CLANG_WARN_DIRECT_OBJC_ISA_USAGE = YES_ERROR;
				CLANG_WARN_EMPTY_BODY = YES;
				CLANG_WARN_ENUM_CONVERSION = YES;
				CLANG_WARN_INT_CONVERSION = YES;
				CLANG_WARN_OBJC_ROOT_CLASS = YES_ERROR;
				CLANG_WARN_UNREACHABLE_CODE = YES;
				CLANG_WARN__DUPLICATE_METHOD_MATCH = YES;
				"CODE_SIGN_IDENTITY[sdk=iphoneos*]" = "iPhone Developer";
				COPY_PHASE_STRIP = NO;
				DEBUG_INFORMATION_FORMAT = dwarf;
				ENABLE_STRICT_OBJC_MSGSEND = YES;
				ENABLE_TESTABILITY = YES;
				GCC_C_LANGUAGE_STANDARD = gnu99;
				GCC_DYNAMIC_NO_PIC = NO;
				GCC_NO_COMMON_BLOCKS = YES;
				GCC_OPTIMIZATION_LEVEL = 0;
				GCC_PREPROCESSOR_DEFINITIONS = (
					"DEBUG=1",
					"$(inherited)",
				);
				GCC_WARN_64_TO_32_BIT_CONVERSION = YES;
				GCC_WARN_ABOUT_RETURN_TYPE = YES_ERROR;
				GCC_WARN_UNDECLARED_SELECTOR = YES;
				GCC_WARN_UNINITIALIZED_AUTOS = YES_AGGRESSIVE;
				GCC_WARN_UNUSED_FUNCTION = YES;
				GCC_WARN_UNUSED_VARIABLE = YES;
				IPHONEOS_DEPLOYMENT_TARGET = 9.0;
				MTL_ENABLE_DEBUG_INFO = YES;
				ONLY_ACTIVE_ARCH = YES;
				SDKROOT = iphoneos;
				SWIFT_OPTIMIZATION_LEVEL = "-Onone";
			};
			name = Debug;
		};
		BFDA72701C10573F0096BE82 /* Release */ = {
			isa = XCBuildConfiguration;
			buildSettings = {
				ALWAYS_SEARCH_USER_PATHS = NO;
				CLANG_CXX_LANGUAGE_STANDARD = "gnu++0x";
				CLANG_CXX_LIBRARY = "libc++";
				CLANG_ENABLE_MODULES = YES;
				CLANG_ENABLE_OBJC_ARC = YES;
				CLANG_WARN_BOOL_CONVERSION = YES;
				CLANG_WARN_CONSTANT_CONVERSION = YES;
				CLANG_WARN_DIRECT_OBJC_ISA_USAGE = YES_ERROR;
				CLANG_WARN_EMPTY_BODY = YES;
				CLANG_WARN_ENUM_CONVERSION = YES;
				CLANG_WARN_INT_CONVERSION = YES;
				CLANG_WARN_OBJC_ROOT_CLASS = YES_ERROR;
				CLANG_WARN_UNREACHABLE_CODE = YES;
				CLANG_WARN__DUPLICATE_METHOD_MATCH = YES;
				"CODE_SIGN_IDENTITY[sdk=iphoneos*]" = "iPhone Developer";
				COPY_PHASE_STRIP = NO;
				DEBUG_INFORMATION_FORMAT = "dwarf-with-dsym";
				ENABLE_NS_ASSERTIONS = NO;
				ENABLE_STRICT_OBJC_MSGSEND = YES;
				GCC_C_LANGUAGE_STANDARD = gnu99;
				GCC_NO_COMMON_BLOCKS = YES;
				GCC_WARN_64_TO_32_BIT_CONVERSION = YES;
				GCC_WARN_ABOUT_RETURN_TYPE = YES_ERROR;
				GCC_WARN_UNDECLARED_SELECTOR = YES;
				GCC_WARN_UNINITIALIZED_AUTOS = YES_AGGRESSIVE;
				GCC_WARN_UNUSED_FUNCTION = YES;
				GCC_WARN_UNUSED_VARIABLE = YES;
				IPHONEOS_DEPLOYMENT_TARGET = 9.0;
				MTL_ENABLE_DEBUG_INFO = NO;
				SDKROOT = iphoneos;
				VALIDATE_PRODUCT = YES;
			};
			name = Release;
		};
		BFDA72721C10573F0096BE82 /* Debug */ = {
			isa = XCBuildConfiguration;
			buildSettings = {
				ASSETCATALOG_COMPILER_APPICON_NAME = AppIcon;
				INFOPLIST_FILE = "ぽけメモ2/Info.plist";
				LD_RUNPATH_SEARCH_PATHS = "$(inherited) @executable_path/Frameworks";
				PRODUCT_BUNDLE_IDENTIFIER = "jp.koutajohoku.-----2";
				PRODUCT_NAME = "$(TARGET_NAME)";
			};
			name = Debug;
		};
		BFDA72731C10573F0096BE82 /* Release */ = {
			isa = XCBuildConfiguration;
			buildSettings = {
				ASSETCATALOG_COMPILER_APPICON_NAME = AppIcon;
				INFOPLIST_FILE = "ぽけメモ2/Info.plist";
				LD_RUNPATH_SEARCH_PATHS = "$(inherited) @executable_path/Frameworks";
				PRODUCT_BUNDLE_IDENTIFIER = "jp.koutajohoku.-----2";
				PRODUCT_NAME = "$(TARGET_NAME)";
			};
			name = Release;
		};
		BFDA72751C10573F0096BE82 /* Debug */ = {
			isa = XCBuildConfiguration;
			buildSettings = {
				BUNDLE_LOADER = "$(TEST_HOST)";
				INFOPLIST_FILE = "ぽけメモ2Tests/Info.plist";
				LD_RUNPATH_SEARCH_PATHS = "$(inherited) @executable_path/Frameworks @loader_path/Frameworks";
				PRODUCT_BUNDLE_IDENTIFIER = "jp.koutajohoku.-----2Tests";
				PRODUCT_NAME = "$(TARGET_NAME)";
				TEST_HOST = "$(BUILT_PRODUCTS_DIR)/ぽけメモ2.app/ぽけメモ2";
			};
			name = Debug;
		};
		BFDA72761C10573F0096BE82 /* Release */ = {
			isa = XCBuildConfiguration;
			buildSettings = {
				BUNDLE_LOADER = "$(TEST_HOST)";
				INFOPLIST_FILE = "ぽけメモ2Tests/Info.plist";
				LD_RUNPATH_SEARCH_PATHS = "$(inherited) @executable_path/Frameworks @loader_path/Frameworks";
				PRODUCT_BUNDLE_IDENTIFIER = "jp.koutajohoku.-----2Tests";
				PRODUCT_NAME = "$(TARGET_NAME)";
				TEST_HOST = "$(BUILT_PRODUCTS_DIR)/ぽけメモ2.app/ぽけメモ2";
			};
			name = Release;
		};
		BFDA72781C10573F0096BE82 /* Debug */ = {
			isa = XCBuildConfiguration;
			buildSettings = {
				INFOPLIST_FILE = "ぽけメモ2UITests/Info.plist";
				LD_RUNPATH_SEARCH_PATHS = "$(inherited) @executable_path/Frameworks @loader_path/Frameworks";
				PRODUCT_BUNDLE_IDENTIFIER = "jp.koutajohoku.-----2UITests";
				PRODUCT_NAME = "$(TARGET_NAME)";
				TEST_TARGET_NAME = "ぽけメモ2";
				USES_XCTRUNNER = YES;
			};
			name = Debug;
		};
		BFDA72791C10573F0096BE82 /* Release */ = {
			isa = XCBuildConfiguration;
			buildSettings = {
				INFOPLIST_FILE = "ぽけメモ2UITests/Info.plist";
				LD_RUNPATH_SEARCH_PATHS = "$(inherited) @executable_path/Frameworks @loader_path/Frameworks";
				PRODUCT_BUNDLE_IDENTIFIER = "jp.koutajohoku.-----2UITests";
				PRODUCT_NAME = "$(TARGET_NAME)";
				TEST_TARGET_NAME = "ぽけメモ2";
				USES_XCTRUNNER = YES;
			};
			name = Release;
		};
/* End XCBuildConfiguration section */

/* Begin XCConfigurationList section */
		BFDA72421C10573F0096BE82 /* Build configuration list for PBXProject "ぽけメモ2" */ = {
			isa = XCConfigurationList;
			buildConfigurations = (
				BFDA726F1C10573F0096BE82 /* Debug */,
				BFDA72701C10573F0096BE82 /* Release */,
			);
			defaultConfigurationIsVisible = 0;
			defaultConfigurationName = Release;
		};
		BFDA72711C10573F0096BE82 /* Build configuration list for PBXNativeTarget "ぽけメモ2" */ = {
			isa = XCConfigurationList;
			buildConfigurations = (
				BFDA72721C10573F0096BE82 /* Debug */,
				BFDA72731C10573F0096BE82 /* Release */,
			);
			defaultConfigurationIsVisible = 0;
			defaultConfigurationName = Release;
		};
		BFDA72741C10573F0096BE82 /* Build configuration list for PBXNativeTarget "ぽけメモ2Tests" */ = {
			isa = XCConfigurationList;
			buildConfigurations = (
				BFDA72751C10573F0096BE82 /* Debug */,
				BFDA72761C10573F0096BE82 /* Release */,
			);
			defaultConfigurationIsVisible = 0;
			defaultConfigurationName = Release;
		};
		BFDA72771C10573F0096BE82 /* Build configuration list for PBXNativeTarget "ぽけメモ2UITests" */ = {
			isa = XCConfigurationList;
			buildConfigurations = (
				BFDA72781C10573F0096BE82 /* Debug */,
				BFDA72791C10573F0096BE82 /* Release */,
			);
			defaultConfigurationIsVisible = 0;
			defaultConfigurationName = Release;
		};
/* End XCConfigurationList section */
	};
	rootObject = BFDA723F1C10573F0096BE82 /* Project object */;
}
